
Microsoft Visual Studio Solution File, Format Version 12.00
# Visual Studio Version 16
VisualStudioVersion = 16.0.30011.22
MinimumVisualStudioVersion = 10.0.40219.1
Project("{FAE04EC0-301F-11D3-BF4B-00C04F79EFBC}") = "MessageCenter.Web", "MessageCenter.Web\MessageCenter.Web.csproj", "{03629CB1-2A15-42CD-BAE3-3CA6AEA8998E}"
EndProject
Project("{FAE04EC0-301F-11D3-BF4B-00C04F79EFBC}") = "MessageCenter.Business", "MessageCenter.Business\MessageCenter.Business.csproj", "{D638F872-F769-48F5-B801-BD04A58F0B09}"
EndProject
Project("{FAE04EC0-301F-11D3-BF4B-00C04F79EFBC}") = "MessageCenter.Data", "MessageCenter.Data\MessageCenter.Data.csproj", "{98DC2F42-91AA-40C5-93FC-49CBB82C3492}"
EndProject
Project("{FAE04EC0-301F-11D3-BF4B-00C04F79EFBC}") = "LogService", "LogService\LogService.csproj", "{C181E3C3-5330-4228-B297-FF4422761DDE}"
EndProject
Project("{FAE04EC0-301F-11D3-BF4B-00C04F79EFBC}") = "LogService.Test", "LogService.Test\LogService.Test.csproj", "{7AC4D1E4-33E3-4F25-95D6-0C5B1502FF55}"
EndProject
Global
	GlobalSection(SolutionConfigurationPlatforms) = preSolution
		Debug|Any CPU = Debug|Any CPU
		Release|Any CPU = Release|Any CPU
	EndGlobalSection
	GlobalSection(ProjectConfigurationPlatforms) = postSolution
		{03629CB1-2A15-42CD-BAE3-3CA6AEA8998E}.Debug|Any CPU.ActiveCfg = Debug|Any CPU
		{03629CB1-2A15-42CD-BAE3-3CA6AEA8998E}.Debug|Any CPU.Build.0 = Debug|Any CPU
		{03629CB1-2A15-42CD-BAE3-3CA6AEA8998E}.Release|Any CPU.ActiveCfg = Release|Any CPU
		{03629CB1-2A15-42CD-BAE3-3CA6AEA8998E}.Release|Any CPU.Build.0 = Release|Any CPU
		{D638F872-F769-48F5-B801-BD04A58F0B09}.Debug|Any CPU.ActiveCfg = Debug|Any CPU
		{D638F872-F769-48F5-B801-BD04A58F0B09}.Debug|Any CPU.Build.0 = Debug|Any CPU
		{D638F872-F769-48F5-B801-BD04A58F0B09}.Release|Any CPU.ActiveCfg = Release|Any CPU
		{D638F872-F769-48F5-B801-BD04A58F0B09}.Release|Any CPU.Build.0 = Release|Any CPU
		{98DC2F42-91AA-40C5-93FC-49CBB82C3492}.Debug|Any CPU.ActiveCfg = Debug|Any CPU
		{98DC2F42-91AA-40C5-93FC-49CBB82C3492}.Debug|Any CPU.Build.0 = Debug|Any CPU
		{98DC2F42-91AA-40C5-93FC-49CBB82C3492}.Release|Any CPU.ActiveCfg = Release|Any CPU
		{98DC2F42-91AA-40C5-93FC-49CBB82C3492}.Release|Any CPU.Build.0 = Release|Any CPU
		{C181E3C3-5330-4228-B297-FF4422761DDE}.Debug|Any CPU.ActiveCfg = Debug|Any CPU
		{C181E3C3-5330-4228-B297-FF4422761DDE}.Debug|Any CPU.Build.0 = Debug|Any CPU
		{C181E3C3-5330-4228-B297-FF4422761DDE}.Release|Any CPU.ActiveCfg = Release|Any CPU
		{C181E3C3-5330-4228-B297-FF4422761DDE}.Release|Any CPU.Build.0 = Release|Any CPU
		{7AC4D1E4-33E3-4F25-95D6-0C5B1502FF55}.Debug|Any CPU.ActiveCfg = Debug|Any CPU
		{7AC4D1E4-33E3-4F25-95D6-0C5B1502FF55}.Debug|Any CPU.Build.0 = Debug|Any CPU
		{7AC4D1E4-33E3-4F25-95D6-0C5B1502FF55}.Release|Any CPU.ActiveCfg = Release|Any CPU
		{7AC4D1E4-33E3-4F25-95D6-0C5B1502FF55}.Release|Any CPU.Build.0 = Release|Any CPU
	EndGlobalSection
	GlobalSection(SolutionProperties) = preSolution
		HideSolutionNode = FALSE
	EndGlobalSection
	GlobalSection(ExtensibilityGlobals) = postSolution
		SolutionGuid = {D4231BA4-6CEB-4C8A-82AA-17114AA6F471}
	EndGlobalSection
EndGlobal
